
Microsoft Visual Studio Solution File, Format Version 12.00
# Visual Studio Version 17
VisualStudioVersion = 17.0.31903.59
MinimumVisualStudioVersion = 10.0.40219.1
Project("{2150E333-8FDC-42A3-9474-1A3956D46DE8}") = "src", "src", "{2502CCC1-547D-44E5-BD6E-5471BCD5785A}"
EndProject
Project("{FAE04EC0-301F-11D3-BF4B-00C04F79EFBC}") = "AutostartAudit.Core", "src\AutostartAudit.Core\AutostartAudit.Core.csproj", "{6CB19E3D-3CEB-407F-909C-E8AB3DD4AB72}"
EndProject
Project("{FAE04EC0-301F-11D3-BF4B-00C04F79EFBC}") = "AutostartAudit.Cli", "src\AutostartAudit.Cli\AutostartAudit.Cli.csproj", "{DAD16742-09F2-4185-8CB4-13A96739E194}"
EndProject
Project("{2150E333-8FDC-42A3-9474-1A3956D46DE8}") = "tests", "tests", "{364950C2-3678-47E3-934E-867CF5C739CD}"
EndProject
Project("{FAE04EC0-301F-11D3-BF4B-00C04F79EFBC}") = "AutostartAudit.Core.Tests", "tests\AutostartAudit.Core.Tests\AutostartAudit.Core.Tests.csproj", "{AD71F436-09F9-4A04-875F-BD87830F7B20}"
EndProject
Global
	GlobalSection(SolutionConfigurationPlatforms) = preSolution
		Debug|Any CPU = Debug|Any CPU
		Release|Any CPU = Release|Any CPU
	EndGlobalSection
	GlobalSection(SolutionProperties) = preSolution
		HideSolutionNode = FALSE
	EndGlobalSection
	GlobalSection(ProjectConfigurationPlatforms) = postSolution
		{6CB19E3D-3CEB-407F-909C-E8AB3DD4AB72}.Debug|Any CPU.ActiveCfg = Debug|Any CPU
		{6CB19E3D-3CEB-407F-909C-E8AB3DD4AB72}.Debug|Any CPU.Build.0 = Debug|Any CPU
		{6CB19E3D-3CEB-407F-909C-E8AB3DD4AB72}.Release|Any CPU.ActiveCfg = Release|Any CPU
		{6CB19E3D-3CEB-407F-909C-E8AB3DD4AB72}.Release|Any CPU.Build.0 = Release|Any CPU
		{DAD16742-09F2-4185-8CB4-13A96739E194}.Debug|Any CPU.ActiveCfg = Debug|Any CPU
		{DAD16742-09F2-4185-8CB4-13A96739E194}.Debug|Any CPU.Build.0 = Debug|Any CPU
		{DAD16742-09F2-4185-8CB4-13A96739E194}.Release|Any CPU.ActiveCfg = Release|Any CPU
		{DAD16742-09F2-4185-8CB4-13A96739E194}.Release|Any CPU.Build.0 = Release|Any CPU
		{AD71F436-09F9-4A04-875F-BD87830F7B20}.Debug|Any CPU.ActiveCfg = Debug|Any CPU
		{AD71F436-09F9-4A04-875F-BD87830F7B20}.Debug|Any CPU.Build.0 = Debug|Any CPU
		{AD71F436-09F9-4A04-875F-BD87830F7B20}.Release|Any CPU.ActiveCfg = Release|Any CPU
		{AD71F436-09F9-4A04-875F-BD87830F7B20}.Release|Any CPU.Build.0 = Release|Any CPU
	EndGlobalSection
	GlobalSection(NestedProjects) = preSolution
		{6CB19E3D-3CEB-407F-909C-E8AB3DD4AB72} = {2502CCC1-547D-44E5-BD6E-5471BCD5785A}
		{DAD16742-09F2-4185-8CB4-13A96739E194} = {2502CCC1-547D-44E5-BD6E-5471BCD5785A}
		{AD71F436-09F9-4A04-875F-BD87830F7B20} = {364950C2-3678-47E3-934E-867CF5C739CD}
	EndGlobalSection
EndGlobal
